
Microsoft Visual Studio Solution File, Format Version 12.00
# Visual Studio Version 17
VisualStudioVersion = 17.10.35027.167
MinimumVisualStudioVersion = 10.0.40219.1
Project("{FAE04EC0-301F-11D3-BF4B-00C04F79EFBC}") = "Proyecto IC 01", "Proyecto IC 01\Proyecto IC 01.csproj", "{2C5A3F30-F88E-47D1-8967-C98A12A43423}"
EndProject
Global
	GlobalSection(SolutionConfigurationPlatforms) = preSolution
		Debug|Any CPU = Debug|Any CPU
		Release|Any CPU = Release|Any CPU
	EndGlobalSection
	GlobalSection(ProjectConfigurationPlatforms) = postSolution
		{2C5A3F30-F88E-47D1-8967-C98A12A43423}.Debug|Any CPU.ActiveCfg = Debug|Any CPU
		{2C5A3F30-F88E-47D1-8967-C98A12A43423}.Debug|Any CPU.Build.0 = Debug|Any CPU
		{2C5A3F30-F88E-47D1-8967-C98A12A43423}.Release|Any CPU.ActiveCfg = Release|Any CPU
		{2C5A3F30-F88E-47D1-8967-C98A12A43423}.Release|Any CPU.Build.0 = Release|Any CPU
	EndGlobalSection
	GlobalSection(SolutionProperties) = preSolution
		HideSolutionNode = FALSE
	EndGlobalSection
	GlobalSection(ExtensibilityGlobals) = postSolution
		SolutionGuid = {D8F7FBDC-ED72-4D21-A438-9F9646AE3B16}
	EndGlobalSection
EndGlobal
